
Microsoft Visual Studio Solution File, Format Version 12.00
Project("{FAE04EC0-301F-11D3-BF4B-00C04F79EFBC}") = "GameRacingConsole", "GameRacingConsole\GameRacingConsole.csproj", "{2696AE9D-C7F3-4D46-B460-01F4FD0A798B}"
EndProject
Global
	GlobalSection(SolutionConfigurationPlatforms) = preSolution
		Debug|Any CPU = Debug|Any CPU
		Release|Any CPU = Release|Any CPU
	EndGlobalSection
	GlobalSection(ProjectConfigurationPlatforms) = postSolution
		{2696AE9D-C7F3-4D46-B460-01F4FD0A798B}.Debug|Any CPU.ActiveCfg = Debug|Any CPU
		{2696AE9D-C7F3-4D46-B460-01F4FD0A798B}.Debug|Any CPU.Build.0 = Debug|Any CPU
		{2696AE9D-C7F3-4D46-B460-01F4FD0A798B}.Release|Any CPU.ActiveCfg = Release|Any CPU
		{2696AE9D-C7F3-4D46-B460-01F4FD0A798B}.Release|Any CPU.Build.0 = Release|Any CPU
	EndGlobalSection
EndGlobal
